
Microsoft Visual Studio Solution File, Format Version 12.00
# Visual Studio 15
VisualStudioVersion = 15.0.27703.2026
MinimumVisualStudioVersion = 10.0.40219.1
Project("{9A19103F-16F7-4668-BE54-9A1E7A4F7556}") = "LandMarkAPI.Data", "LandMarkAPI.Data\LandMarkAPI.Data.csproj", "{BB023BB4-67B4-4C53-B3AD-76684E5BF98C}"
EndProject
Project("{9A19103F-16F7-4668-BE54-9A1E7A4F7556}") = "LandMarkAPI.Domain", "LandMarkAPI.Domain\LandMarkAPI.Domain.csproj", "{9EA0294B-01C4-4025-B1F7-18F6138FAAC0}"
EndProject
Project("{9A19103F-16F7-4668-BE54-9A1E7A4F7556}") = "LandMarkAPI.BusinessLogic", "LandMarkAPI.BusinessLogic\LandMarkAPI.BusinessLogic.csproj", "{5752E6B3-7CB1-489C-8FC0-E0DD951E49EC}"
EndProject
Project("{9A19103F-16F7-4668-BE54-9A1E7A4F7556}") = "LandMarkApp", "LandMarkApp\LandMarkApp.csproj", "{5B5D4725-84BD-45EB-9F50-3D1FA64727B7}"
EndProject
Project("{9A19103F-16F7-4668-BE54-9A1E7A4F7556}") = "LandMarkAPI.Authentication", "LandMarkAPI.Authentication\LandMarkAPI.Authentication.csproj", "{81393969-172E-48BB-AADF-E58FFC11E530}"
EndProject
Project("{9A19103F-16F7-4668-BE54-9A1E7A4F7556}") = "LandMarkApi.Repository", "LandMarkApi.Repository\LandMarkApi.Repository.csproj", "{A9E9615E-AE11-40B5-9494-927D59E9BA95}"
EndProject
Project("{FAE04EC0-301F-11D3-BF4B-00C04F79EFBC}") = "LandMarkAPI", "LandMarkAPI\LandMarkAPI.csproj", "{BAF8DEDB-FC07-4BA8-A6F7-514751F9409E}"
EndProject
Global
	GlobalSection(SolutionConfigurationPlatforms) = preSolution
		Debug|Any CPU = Debug|Any CPU
		Release|Any CPU = Release|Any CPU
	EndGlobalSection
	GlobalSection(ProjectConfigurationPlatforms) = postSolution
		{BB023BB4-67B4-4C53-B3AD-76684E5BF98C}.Debug|Any CPU.ActiveCfg = Debug|Any CPU
		{BB023BB4-67B4-4C53-B3AD-76684E5BF98C}.Debug|Any CPU.Build.0 = Debug|Any CPU
		{BB023BB4-67B4-4C53-B3AD-76684E5BF98C}.Release|Any CPU.ActiveCfg = Release|Any CPU
		{BB023BB4-67B4-4C53-B3AD-76684E5BF98C}.Release|Any CPU.Build.0 = Release|Any CPU
		{9EA0294B-01C4-4025-B1F7-18F6138FAAC0}.Debug|Any CPU.ActiveCfg = Debug|Any CPU
		{9EA0294B-01C4-4025-B1F7-18F6138FAAC0}.Debug|Any CPU.Build.0 = Debug|Any CPU
		{9EA0294B-01C4-4025-B1F7-18F6138FAAC0}.Release|Any CPU.ActiveCfg = Release|Any CPU
		{9EA0294B-01C4-4025-B1F7-18F6138FAAC0}.Release|Any CPU.Build.0 = Release|Any CPU
		{5752E6B3-7CB1-489C-8FC0-E0DD951E49EC}.Debug|Any CPU.ActiveCfg = Debug|Any CPU
		{5752E6B3-7CB1-489C-8FC0-E0DD951E49EC}.Debug|Any CPU.Build.0 = Debug|Any CPU
		{5752E6B3-7CB1-489C-8FC0-E0DD951E49EC}.Release|Any CPU.ActiveCfg = Release|Any CPU
		{5752E6B3-7CB1-489C-8FC0-E0DD951E49EC}.Release|Any CPU.Build.0 = Release|Any CPU
		{5B5D4725-84BD-45EB-9F50-3D1FA64727B7}.Debug|Any CPU.ActiveCfg = Debug|Any CPU
		{5B5D4725-84BD-45EB-9F50-3D1FA64727B7}.Debug|Any CPU.Build.0 = Debug|Any CPU
		{5B5D4725-84BD-45EB-9F50-3D1FA64727B7}.Release|Any CPU.ActiveCfg = Release|Any CPU
		{5B5D4725-84BD-45EB-9F50-3D1FA64727B7}.Release|Any CPU.Build.0 = Release|Any CPU
		{81393969-172E-48BB-AADF-E58FFC11E530}.Debug|Any CPU.ActiveCfg = Debug|Any CPU
		{81393969-172E-48BB-AADF-E58FFC11E530}.Debug|Any CPU.Build.0 = Debug|Any CPU
		{81393969-172E-48BB-AADF-E58FFC11E530}.Release|Any CPU.ActiveCfg = Release|Any CPU
		{81393969-172E-48BB-AADF-E58FFC11E530}.Release|Any CPU.Build.0 = Release|Any CPU
		{A9E9615E-AE11-40B5-9494-927D59E9BA95}.Debug|Any CPU.ActiveCfg = Debug|Any CPU
		{A9E9615E-AE11-40B5-9494-927D59E9BA95}.Debug|Any CPU.Build.0 = Debug|Any CPU
		{A9E9615E-AE11-40B5-9494-927D59E9BA95}.Release|Any CPU.ActiveCfg = Release|Any CPU
		{A9E9615E-AE11-40B5-9494-927D59E9BA95}.Release|Any CPU.Build.0 = Release|Any CPU
		{BAF8DEDB-FC07-4BA8-A6F7-514751F9409E}.Debug|Any CPU.ActiveCfg = Debug|Any CPU
		{BAF8DEDB-FC07-4BA8-A6F7-514751F9409E}.Debug|Any CPU.Build.0 = Debug|Any CPU
		{BAF8DEDB-FC07-4BA8-A6F7-514751F9409E}.Release|Any CPU.ActiveCfg = Release|Any CPU
		{BAF8DEDB-FC07-4BA8-A6F7-514751F9409E}.Release|Any CPU.Build.0 = Release|Any CPU
	EndGlobalSection
	GlobalSection(SolutionProperties) = preSolution
		HideSolutionNode = FALSE
	EndGlobalSection
	GlobalSection(ExtensibilityGlobals) = postSolution
		SolutionGuid = {9B0DC7F9-8393-4EEF-9936-3E4076C1B887}
	EndGlobalSection
EndGlobal
